
Microsoft Visual Studio Solution File, Format Version 12.00
# Visual Studio 15
VisualStudioVersion = 15.0.26430.16
MinimumVisualStudioVersion = 10.0.40219.1
Project("{FAE04EC0-301F-11D3-BF4B-00C04F79EFBC}") = "util", "util\util.csproj", "{96A710E6-D4BC-4F20-B5CE-A504620A166D}"
EndProject
Project("{FAE04EC0-301F-11D3-BF4B-00C04F79EFBC}") = "LiberalStudiesSite", "LiberalStudiesSite\LiberalStudiesSite.csproj", "{AE78AC9E-21E8-4C0E-A620-D3629FF91446}"
EndProject
Global
	GlobalSection(SolutionConfigurationPlatforms) = preSolution
		Debug|Any CPU = Debug|Any CPU
		Release|Any CPU = Release|Any CPU
	EndGlobalSection
	GlobalSection(ProjectConfigurationPlatforms) = postSolution
		{96A710E6-D4BC-4F20-B5CE-A504620A166D}.Debug|Any CPU.ActiveCfg = Debug|Any CPU
		{96A710E6-D4BC-4F20-B5CE-A504620A166D}.Debug|Any CPU.Build.0 = Debug|Any CPU
		{96A710E6-D4BC-4F20-B5CE-A504620A166D}.Release|Any CPU.ActiveCfg = Release|Any CPU
		{96A710E6-D4BC-4F20-B5CE-A504620A166D}.Release|Any CPU.Build.0 = Release|Any CPU
		{AE78AC9E-21E8-4C0E-A620-D3629FF91446}.Debug|Any CPU.ActiveCfg = Debug|Any CPU
		{AE78AC9E-21E8-4C0E-A620-D3629FF91446}.Debug|Any CPU.Build.0 = Debug|Any CPU
		{AE78AC9E-21E8-4C0E-A620-D3629FF91446}.Release|Any CPU.ActiveCfg = Release|Any CPU
		{AE78AC9E-21E8-4C0E-A620-D3629FF91446}.Release|Any CPU.Build.0 = Release|Any CPU
	EndGlobalSection
	GlobalSection(SolutionProperties) = preSolution
		HideSolutionNode = FALSE
	EndGlobalSection
EndGlobal
